Microsoft Visual Studio Solution File, Format Version 11.00
# Visual Studio 2008

Project("{ABDDA648-A2E5-BF83-879B-6542AA4FCC8D}") = "1500799_Trident_2Dver 1.3.2 - Copy", "Assembly-CSharp.csproj", "{802189A1-1CB1-837D-4922-00BE14D1326E}"
EndProject
Global
	GlobalSection(SolutionConfigurationPlatforms) = preSolution
		Debug|Any CPU = Debug|Any CPU
		Release|Any CPU = Release|Any CPU
	EndGlobalSection
	GlobalSection(ProjectConfigurationPlatforms) = postSolution
		{802189A1-1CB1-837D-4922-00BE14D1326E}.Debug|Any CPU.ActiveCfg = Debug|Any CPU
		{802189A1-1CB1-837D-4922-00BE14D1326E}.Debug|Any CPU.Build.0 = Debug|Any CPU
		{802189A1-1CB1-837D-4922-00BE14D1326E}.Release|Any CPU.ActiveCfg = Release|Any CPU
		{802189A1-1CB1-837D-4922-00BE14D1326E}.Release|Any CPU.Build.0 = Release|Any CPU
	EndGlobalSection
	GlobalSection(SolutionProperties) = preSolution
		HideSolutionNode = FALSE
	EndGlobalSection
	GlobalSection(MonoDevelopProperties) = preSolution
		StartupItem = Assembly-CSharp.csproj
	EndGlobalSection
EndGlobal
